
Microsoft Visual Studio Solution File, Format Version 12.00
# Visual Studio 15
VisualStudioVersion = 15.0.28307.572
MinimumVisualStudioVersion = 10.0.40219.1
Project("{FAE04EC0-301F-11D3-BF4B-00C04F79EFBC}") = "Homework20200309_Storage", "Homework20200309_Storage.csproj", "{F1195D48-601C-486C-AC1F-813836AB580E}"
EndProject
Global
	GlobalSection(SolutionConfigurationPlatforms) = preSolution
		Debug|Any CPU = Debug|Any CPU
		Release|Any CPU = Release|Any CPU
	EndGlobalSection
	GlobalSection(ProjectConfigurationPlatforms) = postSolution
		{F1195D48-601C-486C-AC1F-813836AB580E}.Debug|Any CPU.ActiveCfg = Debug|Any CPU
		{F1195D48-601C-486C-AC1F-813836AB580E}.Debug|Any CPU.Build.0 = Debug|Any CPU
		{F1195D48-601C-486C-AC1F-813836AB580E}.Release|Any CPU.ActiveCfg = Release|Any CPU
		{F1195D48-601C-486C-AC1F-813836AB580E}.Release|Any CPU.Build.0 = Release|Any CPU
	EndGlobalSection
	GlobalSection(SolutionProperties) = preSolution
		HideSolutionNode = FALSE
	EndGlobalSection
	GlobalSection(ExtensibilityGlobals) = postSolution
		SolutionGuid = {C9C0CD56-7353-4433-AD9D-9EF025F5DAD0}
	EndGlobalSection
EndGlobal
