
Microsoft Visual Studio Solution File, Format Version 12.00
# Visual Studio 15
VisualStudioVersion = 15.0.28307.572
MinimumVisualStudioVersion = 10.0.40219.1
Project("{FAE04EC0-301F-11D3-BF4B-00C04F79EFBC}") = "Phonebook", "Phonebook.csproj", "{F7C1B4F8-B543-467B-94E1-5B8871FDA1DA}"
EndProject
Global
	GlobalSection(SolutionConfigurationPlatforms) = preSolution
		Debug|Any CPU = Debug|Any CPU
		Release|Any CPU = Release|Any CPU
	EndGlobalSection
	GlobalSection(ProjectConfigurationPlatforms) = postSolution
		{F7C1B4F8-B543-467B-94E1-5B8871FDA1DA}.Debug|Any CPU.ActiveCfg = Debug|Any CPU
		{F7C1B4F8-B543-467B-94E1-5B8871FDA1DA}.Debug|Any CPU.Build.0 = Debug|Any CPU
		{F7C1B4F8-B543-467B-94E1-5B8871FDA1DA}.Release|Any CPU.ActiveCfg = Release|Any CPU
		{F7C1B4F8-B543-467B-94E1-5B8871FDA1DA}.Release|Any CPU.Build.0 = Release|Any CPU
	EndGlobalSection
	GlobalSection(SolutionProperties) = preSolution
		HideSolutionNode = FALSE
	EndGlobalSection
	GlobalSection(ExtensibilityGlobals) = postSolution
		SolutionGuid = {16CD6440-8712-44BA-8B78-49B87A0E2EFA}
	EndGlobalSection
EndGlobal
