
Microsoft Visual Studio Solution File, Format Version 12.00
# Visual Studio 15
VisualStudioVersion = 15.0.28307.572
MinimumVisualStudioVersion = 10.0.40219.1
Project("{FAE04EC0-301F-11D3-BF4B-00C04F79EFBC}") = "Classwork20200330_Schema", "Classwork20200330_Schema.csproj", "{C6CF9D87-3AE1-4869-9A37-2E8E17A835F0}"
EndProject
Global
	GlobalSection(SolutionConfigurationPlatforms) = preSolution
		Debug|Any CPU = Debug|Any CPU
		Release|Any CPU = Release|Any CPU
	EndGlobalSection
	GlobalSection(ProjectConfigurationPlatforms) = postSolution
		{C6CF9D87-3AE1-4869-9A37-2E8E17A835F0}.Debug|Any CPU.ActiveCfg = Debug|Any CPU
		{C6CF9D87-3AE1-4869-9A37-2E8E17A835F0}.Debug|Any CPU.Build.0 = Debug|Any CPU
		{C6CF9D87-3AE1-4869-9A37-2E8E17A835F0}.Release|Any CPU.ActiveCfg = Release|Any CPU
		{C6CF9D87-3AE1-4869-9A37-2E8E17A835F0}.Release|Any CPU.Build.0 = Release|Any CPU
	EndGlobalSection
	GlobalSection(SolutionProperties) = preSolution
		HideSolutionNode = FALSE
	EndGlobalSection
	GlobalSection(ExtensibilityGlobals) = postSolution
		SolutionGuid = {28D97917-57D9-4143-8D1B-E8A5DEFF329A}
	EndGlobalSection
EndGlobal
